
Microsoft Visual Studio Solution File, Format Version 12.00
# Visual Studio 2015
Project("{FAE04EC0-301F-11D3-BF4B-00C04F79EFBC}") = "Rescue_2.CSharp", "Rescue_2.CSharp.csproj", "{EFD7284B-E6F7-97D2-7FBB-5DE736F66531}"
EndProject
Project("{FAE04EC0-301F-11D3-BF4B-00C04F79EFBC}") = "Rescue_2.CSharp.Editor", "Rescue_2.CSharp.Editor.csproj", "{8F56B4C8-62D1-F229-BC83-EDF5C0445C4C}"
EndProject
Global
	GlobalSection(SolutionConfigurationPlatforms) = preSolution
		Debug|Any CPU = Debug|Any CPU
		Release|Any CPU = Release|Any CPU
	EndGlobalSection
	GlobalSection(ProjectConfigurationPlatforms) = postSolution
		{EFD7284B-E6F7-97D2-7FBB-5DE736F66531}.Debug|Any CPU.ActiveCfg = Debug|Any CPU
		{EFD7284B-E6F7-97D2-7FBB-5DE736F66531}.Debug|Any CPU.Build.0 = Debug|Any CPU
		{EFD7284B-E6F7-97D2-7FBB-5DE736F66531}.Release|Any CPU.ActiveCfg = Release|Any CPU
		{EFD7284B-E6F7-97D2-7FBB-5DE736F66531}.Release|Any CPU.Build.0 = Release|Any CPU
		{8F56B4C8-62D1-F229-BC83-EDF5C0445C4C}.Debug|Any CPU.ActiveCfg = Debug|Any CPU
		{8F56B4C8-62D1-F229-BC83-EDF5C0445C4C}.Debug|Any CPU.Build.0 = Debug|Any CPU
		{8F56B4C8-62D1-F229-BC83-EDF5C0445C4C}.Release|Any CPU.ActiveCfg = Release|Any CPU
		{8F56B4C8-62D1-F229-BC83-EDF5C0445C4C}.Release|Any CPU.Build.0 = Release|Any CPU
	EndGlobalSection
	GlobalSection(SolutionProperties) = preSolution
		HideSolutionNode = FALSE
	EndGlobalSection
EndGlobal
